
Microsoft Visual Studio Solution File, Format Version 12.00
# Visual Studio Version 16
VisualStudioVersion = 16.0.30907.101
MinimumVisualStudioVersion = 10.0.40219.1
Project("{9A19103F-16F7-4668-BE54-9A1E7A4F7556}") = "WinFormsTetris", "WinFormsTetris\WinFormsTetris.csproj", "{2B45CA9F-D298-493C-8351-8D109B34EFD2}"
EndProject
Project("{FAE04EC0-301F-11D3-BF4B-00C04F79EFBC}") = "TetrisTest", "TetrisTest\TetrisTest.csproj", "{FACAA93B-6081-4FAF-AE73-E5B2F70840FE}"
EndProject
Global
	GlobalSection(SolutionConfigurationPlatforms) = preSolution
		Debug|Any CPU = Debug|Any CPU
		Release|Any CPU = Release|Any CPU
	EndGlobalSection
	GlobalSection(ProjectConfigurationPlatforms) = postSolution
		{2B45CA9F-D298-493C-8351-8D109B34EFD2}.Debug|Any CPU.ActiveCfg = Debug|Any CPU
		{2B45CA9F-D298-493C-8351-8D109B34EFD2}.Debug|Any CPU.Build.0 = Debug|Any CPU
		{2B45CA9F-D298-493C-8351-8D109B34EFD2}.Release|Any CPU.ActiveCfg = Release|Any CPU
		{2B45CA9F-D298-493C-8351-8D109B34EFD2}.Release|Any CPU.Build.0 = Release|Any CPU
		{FACAA93B-6081-4FAF-AE73-E5B2F70840FE}.Debug|Any CPU.ActiveCfg = Debug|Any CPU
		{FACAA93B-6081-4FAF-AE73-E5B2F70840FE}.Debug|Any CPU.Build.0 = Debug|Any CPU
		{FACAA93B-6081-4FAF-AE73-E5B2F70840FE}.Release|Any CPU.ActiveCfg = Release|Any CPU
		{FACAA93B-6081-4FAF-AE73-E5B2F70840FE}.Release|Any CPU.Build.0 = Release|Any CPU
	EndGlobalSection
	GlobalSection(SolutionProperties) = preSolution
		HideSolutionNode = FALSE
	EndGlobalSection
	GlobalSection(ExtensibilityGlobals) = postSolution
		SolutionGuid = {71AD3A90-D653-4393-85EF-B71CD168DF01}
	EndGlobalSection
EndGlobal
